
Microsoft Visual Studio Solution File, Format Version 12.00
# Visual Studio Version 16
VisualStudioVersion = 16.0.28803.452
MinimumVisualStudioVersion = 10.0.40219.1
Project("{FAE04EC0-301F-11D3-BF4B-00C04F79EFBC}") = "Gemstone", "Gemstone\Gemstone.csproj", "{3BE3FD11-BACA-4923-85F8-88BB94BBFCE9}"
EndProject
Project("{FAE04EC0-301F-11D3-BF4B-00C04F79EFBC}") = "Testing", "Testing\Testing.csproj", "{CA7B79DA-CE56-45D9-8BA9-6D55F2D9BEFB}"
EndProject
Global
	GlobalSection(SolutionConfigurationPlatforms) = preSolution
		Debug|Any CPU = Debug|Any CPU
		Release|Any CPU = Release|Any CPU
	EndGlobalSection
	GlobalSection(ProjectConfigurationPlatforms) = postSolution
		{3BE3FD11-BACA-4923-85F8-88BB94BBFCE9}.Debug|Any CPU.ActiveCfg = Debug|Any CPU
		{3BE3FD11-BACA-4923-85F8-88BB94BBFCE9}.Debug|Any CPU.Build.0 = Debug|Any CPU
		{3BE3FD11-BACA-4923-85F8-88BB94BBFCE9}.Release|Any CPU.ActiveCfg = Release|Any CPU
		{3BE3FD11-BACA-4923-85F8-88BB94BBFCE9}.Release|Any CPU.Build.0 = Release|Any CPU
		{CA7B79DA-CE56-45D9-8BA9-6D55F2D9BEFB}.Debug|Any CPU.ActiveCfg = Debug|Any CPU
		{CA7B79DA-CE56-45D9-8BA9-6D55F2D9BEFB}.Debug|Any CPU.Build.0 = Debug|Any CPU
		{CA7B79DA-CE56-45D9-8BA9-6D55F2D9BEFB}.Release|Any CPU.ActiveCfg = Release|Any CPU
		{CA7B79DA-CE56-45D9-8BA9-6D55F2D9BEFB}.Release|Any CPU.Build.0 = Release|Any CPU
	EndGlobalSection
	GlobalSection(SolutionProperties) = preSolution
		HideSolutionNode = FALSE
	EndGlobalSection
	GlobalSection(ExtensibilityGlobals) = postSolution
		SolutionGuid = {6D62C1FF-4358-4EF1-895C-333AE3A9B071}
	EndGlobalSection
EndGlobal
